
Microsoft Visual Studio Solution File, Format Version 12.00
# Visual Studio Version 17
VisualStudioVersion = 17.7.34024.191
MinimumVisualStudioVersion = 10.0.40219.1
Project("{FAE04EC0-301F-11D3-BF4B-00C04F79EFBC}") = "my.blog.site", "my.blog.site\my.blog.site.csproj", "{2C433050-DD63-45A7-AB6C-48A3A8AFEDDE}"
EndProject
Global
	GlobalSection(SolutionConfigurationPlatforms) = preSolution
		Debug|Any CPU = Debug|Any CPU
		Release|Any CPU = Release|Any CPU
	EndGlobalSection
	GlobalSection(ProjectConfigurationPlatforms) = postSolution
		{2C433050-DD63-45A7-AB6C-48A3A8AFEDDE}.Debug|Any CPU.ActiveCfg = Debug|Any CPU
		{2C433050-DD63-45A7-AB6C-48A3A8AFEDDE}.Debug|Any CPU.Build.0 = Debug|Any CPU
		{2C433050-DD63-45A7-AB6C-48A3A8AFEDDE}.Release|Any CPU.ActiveCfg = Release|Any CPU
		{2C433050-DD63-45A7-AB6C-48A3A8AFEDDE}.Release|Any CPU.Build.0 = Release|Any CPU
	EndGlobalSection
	GlobalSection(SolutionProperties) = preSolution
		HideSolutionNode = FALSE
	EndGlobalSection
	GlobalSection(ExtensibilityGlobals) = postSolution
		SolutionGuid = {BA393447-2375-4862-842E-C74AE56AA0E4}
	EndGlobalSection
EndGlobal
